// !$*UTF8*$!
{
	archiveVersion = 1;
	classes = {
	};
	objectVersion = 50;
	objects = {

/* Begin PBXBuildFile section */
		86281F7823DB2B60008BF443 /* Article.swift in Sources */ = {isa = PBXBuildFile; fileRef = 86281F7723DB2B60008BF443 /* Article.swift */; };
		86281F7A23DB2B75008BF443 /* Source.swift in Sources */ = {isa = PBXBuildFile; fileRef = 86281F7923DB2B75008BF443 /* Source.swift */; };
		86281F7C23DB2B85008BF443 /* ArticlesResult.swift in Sources */ = {isa = PBXBuildFile; fileRef = 86281F7B23DB2B85008BF443 /* ArticlesResult.swift */; };
		86281F7F23DB2BB3008BF443 /* ArticleViewModel.swift in Sources */ = {isa = PBXBuildFile; fileRef = 86281F7E23DB2BB3008BF443 /* ArticleViewModel.swift */; };
		86281F8123DB2BF3008BF443 /* HomeViewModel.swift in Sources */ = {isa = PBXBuildFile; fileRef = 86281F8023DB2BF3008BF443 /* HomeViewModel.swift */; };
		86382FC723E498B7004EECF2 /* ArticleCell.swift in Sources */ = {isa = PBXBuildFile; fileRef = 86382FC623E498B7004EECF2 /* ArticleCell.swift */; };
		864D900723D9E980000FBA95 /* SnapKit.framework in Frameworks */ = {isa = PBXBuildFile; fileRef = 864D900623D9E980000FBA95 /* SnapKit.framework */; };
		8682B37E23D9EAA500F504EB /* SnapKit.framework in CopyFiles */ = {isa = PBXBuildFile; fileRef = 864D900623D9E980000FBA95 /* SnapKit.framework */; settings = {ATTRIBUTES = (CodeSignOnCopy, RemoveHeadersOnCopy, ); }; };
		8682B38123DA2A3500F504EB /* WebService.swift in Sources */ = {isa = PBXBuildFile; fileRef = 8682B38023DA2A3500F504EB /* WebService.swift */; };
		8695A74723D9DCC5007825FA /* AppDelegate.swift in Sources */ = {isa = PBXBuildFile; fileRef = 8695A74623D9DCC5007825FA /* AppDelegate.swift */; };
		8695A74923D9DCC5007825FA /* HomeViewController.swift in Sources */ = {isa = PBXBuildFile; fileRef = 8695A74823D9DCC5007825FA /* HomeViewController.swift */; };
		8695A74E23D9DCC7007825FA /* Assets.xcassets in Resources */ = {isa = PBXBuildFile; fileRef = 8695A74D23D9DCC7007825FA /* Assets.xcassets */; };
		8695A75123D9DCC7007825FA /* LaunchScreen.storyboard in Resources */ = {isa = PBXBuildFile; fileRef = 8695A74F23D9DCC7007825FA /* LaunchScreen.storyboard */; };
/* End PBXBuildFile section */

/* Begin PBXCopyFilesBuildPhase section */
		8682B37D23D9EA8900F504EB /* CopyFiles */ = {
			isa = PBXCopyFilesBuildPhase;
			buildActionMask = 2147483647;
			dstPath = "";
			dstSubfolderSpec = 10;
			files = (
				8682B37E23D9EAA500F504EB /* SnapKit.framework in CopyFiles */,
			);
			runOnlyForDeploymentPostprocessing = 0;
		};
/* End PBXCopyFilesBuildPhase section */

/* Begin PBXFileReference section */
		86281F7723DB2B60008BF443 /* Article.swift */ = {isa = PBXFileReference; lastKnownFileType = sourcecode.swift; path = Article.swift; sourceTree = "<group>"; };
		86281F7923DB2B75008BF443 /* Source.swift */ = {isa = PBXFileReference; lastKnownFileType = sourcecode.swift; path = Source.swift; sourceTree = "<group>"; };
		86281F7B23DB2B85008BF443 /* ArticlesResult.swift */ = {isa = PBXFileReference; lastKnownFileType = sourcecode.swift; path = ArticlesResult.swift; sourceTree = "<group>"; };
		86281F7E23DB2BB3008BF443 /* ArticleViewModel.swift */ = {isa = PBXFileReference; lastKnownFileType = sourcecode.swift; path = ArticleViewModel.swift; sourceTree = "<group>"; };
		86281F8023DB2BF3008BF443 /* HomeViewModel.swift */ = {isa = PBXFileReference; lastKnownFileType = sourcecode.swift; path = HomeViewModel.swift; sourceTree = "<group>"; };
		86382FC623E498B7004EECF2 /* ArticleCell.swift */ = {isa = PBXFileReference; lastKnownFileType = sourcecode.swift; path = ArticleCell.swift; sourceTree = "<group>"; };
		864D900623D9E980000FBA95 /* SnapKit.framework */ = {isa = PBXFileReference; lastKnownFileType = wrapper.framework; name = SnapKit.framework; path = Carthage/Build/iOS/SnapKit.framework; sourceTree = "<group>"; };
		8682B38023DA2A3500F504EB /* WebService.swift */ = {isa = PBXFileReference; lastKnownFileType = sourcecode.swift; path = WebService.swift; sourceTree = "<group>"; };
		8695A74323D9DCC5007825FA /* GoodNews.app */ = {isa = PBXFileReference; explicitFileType = wrapper.application; includeInIndex = 0; path = GoodNews.app; sourceTree = BUILT_PRODUCTS_DIR; };
		8695A74623D9DCC5007825FA /* AppDelegate.swift */ = {isa = PBXFileReference; lastKnownFileType = sourcecode.swift; path = AppDelegate.swift; sourceTree = "<group>"; };
		8695A74823D9DCC5007825FA /* HomeViewController.swift */ = {isa = PBXFileReference; lastKnownFileType = sourcecode.swift; path = HomeViewController.swift; sourceTree = "<group>"; };
		8695A74D23D9DCC7007825FA /* Assets.xcassets */ = {isa = PBXFileReference; lastKnownFileType = folder.assetcatalog; path = Assets.xcassets; sourceTree = "<group>"; };
		8695A75023D9DCC7007825FA /* Base */ = {isa = PBXFileReference; lastKnownFileType = file.storyboard; name = Base; path = Base.lproj/LaunchScreen.storyboard; sourceTree = "<group>"; };
		8695A75223D9DCC7007825FA /* Info.plist */ = {isa = PBXFileReference; lastKnownFileType = text.plist.xml; path = Info.plist; sourceTree = "<group>"; };
/* End PBXFileReference section */

/* Begin PBXFrameworksBuildPhase section */
		8695A74023D9DCC5007825FA /* Frameworks */ = {
			isa = PBXFrameworksBuildPhase;
			buildActionMask = 2147483647;
			files = (
				864D900723D9E980000FBA95 /* SnapKit.framework in Frameworks */,
			);
			runOnlyForDeploymentPostprocessing = 0;
		};
/* End PBXFrameworksBuildPhase section */

/* Begin PBXGroup section */
		86281F7623DB2B50008BF443 /* Models */ = {
			isa = PBXGroup;
			children = (
				86281F7723DB2B60008BF443 /* Article.swift */,
				86281F7B23DB2B85008BF443 /* ArticlesResult.swift */,
				86281F7923DB2B75008BF443 /* Source.swift */,
			);
			path = Models;
			sourceTree = "<group>";
		};
		86281F7D23DB2B99008BF443 /* ViewModel */ = {
			isa = PBXGroup;
			children = (
				86281F7E23DB2BB3008BF443 /* ArticleViewModel.swift */,
				86281F8023DB2BF3008BF443 /* HomeViewModel.swift */,
			);
			path = ViewModel;
			sourceTree = "<group>";
		};
		86382FC323E495CF004EECF2 /* Scenes */ = {
			isa = PBXGroup;
			children = (
				86382FC423E495E7004EECF2 /* Home */,
			);
			path = Scenes;
			sourceTree = "<group>";
		};
		86382FC423E495E7004EECF2 /* Home */ = {
			isa = PBXGroup;
			children = (
				86382FC523E4988D004EECF2 /* Cell */,
				86281F7D23DB2B99008BF443 /* ViewModel */,
				8695A74823D9DCC5007825FA /* HomeViewController.swift */,
			);
			path = Home;
			sourceTree = "<group>";
		};
		86382FC523E4988D004EECF2 /* Cell */ = {
			isa = PBXGroup;
			children = (
				86382FC623E498B7004EECF2 /* ArticleCell.swift */,
			);
			path = Cell;
			sourceTree = "<group>";
		};
		8682B37F23DA2A2400F504EB /* Service */ = {
			isa = PBXGroup;
			children = (
				8682B38023DA2A3500F504EB /* WebService.swift */,
			);
			path = Service;
			sourceTree = "<group>";
		};
		868D0C9E23E881EC00E9B62C /* Util */ = {
			isa = PBXGroup;
			children = (
			);
			path = Util;
			sourceTree = "<group>";
		};
		8695A73A23D9DCC5007825FA = {
			isa = PBXGroup;
			children = (
				8695A74523D9DCC5007825FA /* GoodNews */,
				8695A74423D9DCC5007825FA /* Products */,
				8695A75823D9DE89007825FA /* Frameworks */,
			);
			sourceTree = "<group>";
		};
		8695A74423D9DCC5007825FA /* Products */ = {
			isa = PBXGroup;
			children = (
				8695A74323D9DCC5007825FA /* GoodNews.app */,
			);
			name = Products;
			sourceTree = "<group>";
		};
		8695A74523D9DCC5007825FA /* GoodNews */ = {
			isa = PBXGroup;
			children = (
				868D0C9E23E881EC00E9B62C /* Util */,
				86382FC323E495CF004EECF2 /* Scenes */,
				86281F7623DB2B50008BF443 /* Models */,
				8682B37F23DA2A2400F504EB /* Service */,
				8695A74623D9DCC5007825FA /* AppDelegate.swift */,
				8695A74D23D9DCC7007825FA /* Assets.xcassets */,
				8695A74F23D9DCC7007825FA /* LaunchScreen.storyboard */,
				8695A75223D9DCC7007825FA /* Info.plist */,
			);
			path = GoodNews;
			sourceTree = "<group>";
		};
		8695A75823D9DE89007825FA /* Frameworks */ = {
			isa = PBXGroup;
			children = (
				864D900623D9E980000FBA95 /* SnapKit.framework */,
			);
			name = Frameworks;
			sourceTree = "<group>";
		};
/* End PBXGroup section */

/* Begin PBXNativeTarget section */
		8695A74223D9DCC5007825FA /* GoodNews */ = {
			isa = PBXNativeTarget;
			buildConfigurationList = 8695A75523D9DCC7007825FA /* Build configuration list for PBXNativeTarget "GoodNews" */;
			buildPhases = (
				8695A73F23D9DCC5007825FA /* Sources */,
				8695A74023D9DCC5007825FA /* Frameworks */,
				8695A74123D9DCC5007825FA /* Resources */,
				864D900523D9E7F1000FBA95 /* ShellScript */,
				8682B37D23D9EA8900F504EB /* CopyFiles */,
			);
			buildRules = (
			);
			dependencies = (
			);
			name = GoodNews;
			productName = GoodNews;
			productReference = 8695A74323D9DCC5007825FA /* GoodNews.app */;
			productType = "com.apple.product-type.application";
		};
/* End PBXNativeTarget section */

/* Begin PBXProject section */
		8695A73B23D9DCC5007825FA /* Project object */ = {
			isa = PBXProject;
			attributes = {
				LastSwiftUpdateCheck = 1010;
				LastUpgradeCheck = 1010;
				ORGANIZATIONNAME = Catskillet;
				TargetAttributes = {
					8695A74223D9DCC5007825FA = {
						CreatedOnToolsVersion = 10.1;
					};
				};
			};
			buildConfigurationList = 8695A73E23D9DCC5007825FA /* Build configuration list for PBXProject "GoodNews" */;
			compatibilityVersion = "Xcode 9.3";
			developmentRegion = en;
			hasScannedForEncodings = 0;
			knownRegions = (
				en,
				Base,
			);
			mainGroup = 8695A73A23D9DCC5007825FA;
			productRefGroup = 8695A74423D9DCC5007825FA /* Products */;
			projectDirPath = "";
			projectRoot = "";
			targets = (
				8695A74223D9DCC5007825FA /* GoodNews */,
			);
		};
/* End PBXProject section */

/* Begin PBXResourcesBuildPhase section */
		8695A74123D9DCC5007825FA /* Resources */ = {
			isa = PBXResourcesBuildPhase;
			buildActionMask = 2147483647;
			files = (
				8695A75123D9DCC7007825FA /* LaunchScreen.storyboard in Resources */,
				8695A74E23D9DCC7007825FA /* Assets.xcassets in Resources */,
			);
			runOnlyForDeploymentPostprocessing = 0;
		};
/* End PBXResourcesBuildPhase section */

/* Begin PBXShellScriptBuildPhase section */
		864D900523D9E7F1000FBA95 /* ShellScript */ = {
			isa = PBXShellScriptBuildPhase;
			buildActionMask = 8;
			files = (
			);
			inputFileListPaths = (
			);
			inputPaths = (
				"$(SRCROOT)/Carthage/Build/iOS/SnapKit.framework",
			);
			outputFileListPaths = (
			);
			outputPaths = (
			);
			runOnlyForDeploymentPostprocessing = 1;
			shellPath = "/usr/local/bin/carthage copy-frameworks";
			shellScript = "# Type a script or drag a script file from your workspace to insert its path.\n";
		};
/* End PBXShellScriptBuildPhase section */

/* Begin PBXSourcesBuildPhase section */
		8695A73F23D9DCC5007825FA /* Sources */ = {
			isa = PBXSourcesBuildPhase;
			buildActionMask = 2147483647;
			files = (
				86281F7823DB2B60008BF443 /* Article.swift in Sources */,
				86281F8123DB2BF3008BF443 /* HomeViewModel.swift in Sources */,
				8682B38123DA2A3500F504EB /* WebService.swift in Sources */,
				8695A74923D9DCC5007825FA /* HomeViewController.swift in Sources */,
				86281F7C23DB2B85008BF443 /* ArticlesResult.swift in Sources */,
				86382FC723E498B7004EECF2 /* ArticleCell.swift in Sources */,
				86281F7A23DB2B75008BF443 /* Source.swift in Sources */,
				86281F7F23DB2BB3008BF443 /* ArticleViewModel.swift in Sources */,
				8695A74723D9DCC5007825FA /* AppDelegate.swift in Sources */,
			);
			runOnlyForDeploymentPostprocessing = 0;
		};
/* End PBXSourcesBuildPhase section */

/* Begin PBXVariantGroup section */
		8695A74F23D9DCC7007825FA /* LaunchScreen.storyboard */ = {
			isa = PBXVariantGroup;
			children = (
				8695A75023D9DCC7007825FA /* Base */,
			);
			name = LaunchScreen.storyboard;
			sourceTree = "<group>";
		};
/* End PBXVariantGroup section */

/* Begin XCBuildConfiguration section */
		8695A75323D9DCC7007825FA /* Debug */ = {
			isa = XCBuildConfiguration;
			buildSettings = {
				ALWAYS_SEARCH_USER_PATHS = NO;
				CLANG_ANALYZER_NONNULL = YES;
				CLANG_ANALYZER_NUMBER_OBJECT_CONVERSION = YES_AGGRESSIVE;
				CLANG_CXX_LANGUAGE_STANDARD = "gnu++14";
				CLANG_CXX_LIBRARY = "libc++";
				CLANG_ENABLE_MODULES = YES;
				CLANG_ENABLE_OBJC_ARC = YES;
				CLANG_ENABLE_OBJC_WEAK = YES;
				CLANG_WARN_BLOCK_CAPTURE_AUTORELEASING = YES;
				CLANG_WARN_BOOL_CONVERSION = YES;
				CLANG_WARN_COMMA = YES;
				CLANG_WARN_CONSTANT_CONVERSION = YES;
				CLANG_WARN_DEPRECATED_OBJC_IMPLEMENTATIONS = YES;
				CLANG_WARN_DIRECT_OBJC_ISA_USAGE = YES_ERROR;
				CLANG_WARN_DOCUMENTATION_COMMENTS = YES;
				CLANG_WARN_EMPTY_BODY = YES;
				CLANG_WARN_ENUM_CONVERSION = YES;
				CLANG_WARN_INFINITE_RECURSION = YES;
				CLANG_WARN_INT_CONVERSION = YES;
				CLANG_WARN_NON_LITERAL_NULL_CONVERSION = YES;
				CLANG_WARN_OBJC_IMPLICIT_RETAIN_SELF = YES;
				CLANG_WARN_OBJC_LITERAL_CONVERSION = YES;
				CLANG_WARN_OBJC_ROOT_CLASS = YES_ERROR;
				CLANG_WARN_RANGE_LOOP_ANALYSIS = YES;
				CLANG_WARN_STRICT_PROTOTYPES = YES;
				CLANG_WARN_SUSPICIOUS_MOVE = YES;
				CLANG_WARN_UNGUARDED_AVAILABILITY = YES_AGGRESSIVE;
				CLANG_WARN_UNREACHABLE_CODE = YES;
				CLANG_WARN__DUPLICATE_METHOD_MATCH = YES;
				CODE_SIGN_IDENTITY = "iPhone Developer";
				COPY_PHASE_STRIP = NO;
				DEBUG_INFORMATION_FORMAT = dwarf;
				ENABLE_STRICT_OBJC_MSGSEND = YES;
				ENABLE_TESTABILITY = YES;
				GCC_C_LANGUAGE_STANDARD = gnu11;
				GCC_DYNAMIC_NO_PIC = NO;
				GCC_NO_COMMON_BLOCKS = YES;
				GCC_OPTIMIZATION_LEVEL = 0;
				GCC_PREPROCESSOR_DEFINITIONS = (
					"DEBUG=1",
					"$(inherited)",
				);
				GCC_WARN_64_TO_32_BIT_CONVERSION = YES;
				GCC_WARN_ABOUT_RETURN_TYPE = YES_ERROR;
				GCC_WARN_UNDECLARED_SELECTOR = YES;
				GCC_WARN_UNINITIALIZED_AUTOS = YES_AGGRESSIVE;
				GCC_WARN_UNUSED_FUNCTION = YES;
				GCC_WARN_UNUSED_VARIABLE = YES;
				IPHONEOS_DEPLOYMENT_TARGET = 12.1;
				MTL_ENABLE_DEBUG_INFO = INCLUDE_SOURCE;
				MTL_FAST_MATH = YES;
				ONLY_ACTIVE_ARCH = YES;
				SDKROOT = iphoneos;
				SWIFT_ACTIVE_COMPILATION_CONDITIONS = DEBUG;
				SWIFT_OPTIMIZATION_LEVEL = "-Onone";
			};
			name = Debug;
		};
		8695A75423D9DCC7007825FA /* Release */ = {
			isa = XCBuildConfiguration;
			buildSettings = {
				ALWAYS_SEARCH_USER_PATHS = NO;
				CLANG_ANALYZER_NONNULL = YES;
				CLANG_ANALYZER_NUMBER_OBJECT_CONVERSION = YES_AGGRESSIVE;
				CLANG_CXX_LANGUAGE_STANDARD = "gnu++14";
				CLANG_CXX_LIBRARY = "libc++";
				CLANG_ENABLE_MODULES = YES;
				CLANG_ENABLE_OBJC_ARC = YES;
				CLANG_ENABLE_OBJC_WEAK = YES;
				CLANG_WARN_BLOCK_CAPTURE_AUTORELEASING = YES;
				CLANG_WARN_BOOL_CONVERSION = YES;
				CLANG_WARN_COMMA = YES;
				CLANG_WARN_CONSTANT_CONVERSION = YES;
				CLANG_WARN_DEPRECATED_OBJC_IMPLEMENTATIONS = YES;
				CLANG_WARN_DIRECT_OBJC_ISA_USAGE = YES_ERROR;
				CLANG_WARN_DOCUMENTATION_COMMENTS = YES;
				CLANG_WARN_EMPTY_BODY = YES;
				CLANG_WARN_ENUM_CONVERSION = YES;
				CLANG_WARN_INFINITE_RECURSION = YES;
				CLANG_WARN_INT_CONVERSION = YES;
				CLANG_WARN_NON_LITERAL_NULL_CONVERSION = YES;
				CLANG_WARN_OBJC_IMPLICIT_RETAIN_SELF = YES;
				CLANG_WARN_OBJC_LITERAL_CONVERSION = YES;
				CLANG_WARN_OBJC_ROOT_CLASS = YES_ERROR;
				CLANG_WARN_RANGE_LOOP_ANALYSIS = YES;
				CLANG_WARN_STRICT_PROTOTYPES = YES;
				CLANG_WARN_SUSPICIOUS_MOVE = YES;
				CLANG_WARN_UNGUARDED_AVAILABILITY = YES_AGGRESSIVE;
				CLANG_WARN_UNREACHABLE_CODE = YES;
				CLANG_WARN__DUPLICATE_METHOD_MATCH = YES;
				CODE_SIGN_IDENTITY = "iPhone Developer";
				COPY_PHASE_STRIP = NO;
				DEBUG_INFORMATION_FORMAT = "dwarf-with-dsym";
				ENABLE_NS_ASSERTIONS = NO;
				ENABLE_STRICT_OBJC_MSGSEND = YES;
				GCC_C_LANGUAGE_STANDARD = gnu11;
				GCC_NO_COMMON_BLOCKS = YES;
				GCC_WARN_64_TO_32_BIT_CONVERSION = YES;
				GCC_WARN_ABOUT_RETURN_TYPE = YES_ERROR;
				GCC_WARN_UNDECLARED_SELECTOR = YES;
				GCC_WARN_UNINITIALIZED_AUTOS = YES_AGGRESSIVE;
				GCC_WARN_UNUSED_FUNCTION = YES;
				GCC_WARN_UNUSED_VARIABLE = YES;
				IPHONEOS_DEPLOYMENT_TARGET = 12.1;
				MTL_ENABLE_DEBUG_INFO = NO;
				MTL_FAST_MATH = YES;
				SDKROOT = iphoneos;
				SWIFT_COMPILATION_MODE = wholemodule;
				SWIFT_OPTIMIZATION_LEVEL = "-O";
				VALIDATE_PRODUCT = YES;
			};
			name = Release;
		};
		8695A75623D9DCC7007825FA /* Debug */ = {
			isa = XCBuildConfiguration;
			buildSettings = {
				ASSETCATALOG_COMPILER_APPICON_NAME = AppIcon;
				CODE_SIGN_STYLE = Automatic;
				DEVELOPMENT_TEAM = J6M7ZAPTF5;
				FRAMEWORK_SEARCH_PATHS = (
					"$(inherited)",
					"$(PROJECT_DIR)/Carthage/Build/iOS",
				);
				INFOPLIST_FILE = GoodNews/Info.plist;
				LD_RUNPATH_SEARCH_PATHS = (
					"$(inherited)",
					"@executable_path/Frameworks",
				);
				PRODUCT_BUNDLE_IDENTIFIER = Catskillet.GoodNews;
				PRODUCT_NAME = "$(TARGET_NAME)";
				SWIFT_VERSION = 4.2;
				TARGETED_DEVICE_FAMILY = "1,2";
			};
			name = Debug;
		};
		8695A75723D9DCC7007825FA /* Release */ = {
			isa = XCBuildConfiguration;
			buildSettings = {
				ASSETCATALOG_COMPILER_APPICON_NAME = AppIcon;
				CODE_SIGN_STYLE = Automatic;
				DEVELOPMENT_TEAM = J6M7ZAPTF5;
				FRAMEWORK_SEARCH_PATHS = (
					"$(inherited)",
					"$(PROJECT_DIR)/Carthage/Build/iOS",
				);
				INFOPLIST_FILE = GoodNews/Info.plist;
				LD_RUNPATH_SEARCH_PATHS = (
					"$(inherited)",
					"@executable_path/Frameworks",
				);
				PRODUCT_BUNDLE_IDENTIFIER = Catskillet.GoodNews;
				PRODUCT_NAME = "$(TARGET_NAME)";
				SWIFT_VERSION = 4.2;
				TARGETED_DEVICE_FAMILY = "1,2";
			};
			name = Release;
		};
/* End XCBuildConfiguration section */

/* Begin XCConfigurationList section */
		8695A73E23D9DCC5007825FA /* Build configuration list for PBXProject "GoodNews" */ = {
			isa = XCConfigurationList;
			buildConfigurations = (
				8695A75323D9DCC7007825FA /* Debug */,
				8695A75423D9DCC7007825FA /* Release */,
			);
			defaultConfigurationIsVisible = 0;
			defaultConfigurationName = Release;
		};
		8695A75523D9DCC7007825FA /* Build configuration list for PBXNativeTarget "GoodNews" */ = {
			isa = XCConfigurationList;
			buildConfigurations = (
				8695A75623D9DCC7007825FA /* Debug */,
				8695A75723D9DCC7007825FA /* Release */,
			);
			defaultConfigurationIsVisible = 0;
			defaultConfigurationName = Release;
		};
/* End XCConfigurationList section */
	};
	rootObject = 8695A73B23D9DCC5007825FA /* Project object */;
}
